
Microsoft Visual Studio Solution File, Format Version 12.00
# Visual Studio Version 16
VisualStudioVersion = 16.0.30621.155
MinimumVisualStudioVersion = 10.0.40219.1
Project("{FAE04EC0-301F-11D3-BF4B-00C04F79EFBC}") = "MagicAccount.UWP", "MagicAccount\MagicAccount.UWP\MagicAccount.UWP.csproj", "{6ED58CE1-E4BC-45D2-BD0F-664B8C985A93}"
EndProject
Project("{FAE04EC0-301F-11D3-BF4B-00C04F79EFBC}") = "MagicAccount.Android", "MagicAccount\MagicAccount.Android\MagicAccount.Android.csproj", "{A9DF4C0C-53A8-4A6D-9EE8-5108A760CAE5}"
EndProject
Project("{FAE04EC0-301F-11D3-BF4B-00C04F79EFBC}") = "MagicAccount.iOS", "MagicAccount\MagicAccount.iOS\MagicAccount.iOS.csproj", "{4B957E03-8CEE-4457-93AA-B2935B18DCE1}"
EndProject
Project("{FAE04EC0-301F-11D3-BF4B-00C04F79EFBC}") = "MagicAccount", "MagicAccount\MagicAccount\MagicAccount.csproj", "{95A72005-799F-4E3B-BE9D-7DC765D6B1F8}"
EndProject
Global
	GlobalSection(SolutionConfigurationPlatforms) = preSolution
		Debug|Any CPU = Debug|Any CPU
		Debug|ARM = Debug|ARM
		Debug|iPhone = Debug|iPhone
		Debug|iPhoneSimulator = Debug|iPhoneSimulator
		Debug|x64 = Debug|x64
		Debug|x86 = Debug|x86
		Release|Any CPU = Release|Any CPU
		Release|ARM = Release|ARM
		Release|iPhone = Release|iPhone
		Release|iPhoneSimulator = Release|iPhoneSimulator
		Release|x64 = Release|x64
		Release|x86 = Release|x86
	EndGlobalSection
	GlobalSection(ProjectConfigurationPlatforms) = postSolution
		{6ED58CE1-E4BC-45D2-BD0F-664B8C985A93}.Debug|Any CPU.ActiveCfg = Debug|x86
		{6ED58CE1-E4BC-45D2-BD0F-664B8C985A93}.Debug|Any CPU.Build.0 = Debug|x86
		{6ED58CE1-E4BC-45D2-BD0F-664B8C985A93}.Debug|Any CPU.Deploy.0 = Debug|x86
		{6ED58CE1-E4BC-45D2-BD0F-664B8C985A93}.Debug|ARM.ActiveCfg = Debug|ARM
		{6ED58CE1-E4BC-45D2-BD0F-664B8C985A93}.Debug|ARM.Build.0 = Debug|ARM
		{6ED58CE1-E4BC-45D2-BD0F-664B8C985A93}.Debug|ARM.Deploy.0 = Debug|ARM
		{6ED58CE1-E4BC-45D2-BD0F-664B8C985A93}.Debug|iPhone.ActiveCfg = Debug|x86
		{6ED58CE1-E4BC-45D2-BD0F-664B8C985A93}.Debug|iPhone.Build.0 = Debug|x86
		{6ED58CE1-E4BC-45D2-BD0F-664B8C985A93}.Debug|iPhone.Deploy.0 = Debug|x86
		{6ED58CE1-E4BC-45D2-BD0F-664B8C985A93}.Debug|iPhoneSimulator.ActiveCfg = Debug|x86
		{6ED58CE1-E4BC-45D2-BD0F-664B8C985A93}.Debug|iPhoneSimulator.Build.0 = Debug|x86
		{6ED58CE1-E4BC-45D2-BD0F-664B8C985A93}.Debug|iPhoneSimulator.Deploy.0 = Debug|x86
		{6ED58CE1-E4BC-45D2-BD0F-664B8C985A93}.Debug|x64.ActiveCfg = Debug|x64
		{6ED58CE1-E4BC-45D2-BD0F-664B8C985A93}.Debug|x64.Build.0 = Debug|x64
		{6ED58CE1-E4BC-45D2-BD0F-664B8C985A93}.Debug|x64.Deploy.0 = Debug|x64
		{6ED58CE1-E4BC-45D2-BD0F-664B8C985A93}.Debug|x86.ActiveCfg = Debug|x86
		{6ED58CE1-E4BC-45D2-BD0F-664B8C985A93}.Debug|x86.Build.0 = Debug|x86
		{6ED58CE1-E4BC-45D2-BD0F-664B8C985A93}.Debug|x86.Deploy.0 = Debug|x86
		{6ED58CE1-E4BC-45D2-BD0F-664B8C985A93}.Release|Any CPU.ActiveCfg = Release|x86
		{6ED58CE1-E4BC-45D2-BD0F-664B8C985A93}.Release|Any CPU.Build.0 = Release|x86
		{6ED58CE1-E4BC-45D2-BD0F-664B8C985A93}.Release|Any CPU.Deploy.0 = Release|x86
		{6ED58CE1-E4BC-45D2-BD0F-664B8C985A93}.Release|ARM.ActiveCfg = Release|ARM
		{6ED58CE1-E4BC-45D2-BD0F-664B8C985A93}.Release|ARM.Build.0 = Release|ARM
		{6ED58CE1-E4BC-45D2-BD0F-664B8C985A93}.Release|ARM.Deploy.0 = Release|ARM
		{6ED58CE1-E4BC-45D2-BD0F-664B8C985A93}.Release|iPhone.ActiveCfg = Release|x86
		{6ED58CE1-E4BC-45D2-BD0F-664B8C985A93}.Release|iPhone.Build.0 = Release|x86
		{6ED58CE1-E4BC-45D2-BD0F-664B8C985A93}.Release|iPhone.Deploy.0 = Release|x86
		{6ED58CE1-E4BC-45D2-BD0F-664B8C985A93}.Release|iPhoneSimulator.ActiveCfg = Release|x86
		{6ED58CE1-E4BC-45D2-BD0F-664B8C985A93}.Release|iPhoneSimulator.Build.0 = Release|x86
		{6ED58CE1-E4BC-45D2-BD0F-664B8C985A93}.Release|iPhoneSimulator.Deploy.0 = Release|x86
		{6ED58CE1-E4BC-45D2-BD0F-664B8C985A93}.Release|x64.ActiveCfg = Release|x64
		{6ED58CE1-E4BC-45D2-BD0F-664B8C985A93}.Release|x64.Build.0 = Release|x64
		{6ED58CE1-E4BC-45D2-BD0F-664B8C985A93}.Release|x64.Deploy.0 = Release|x64
		{6ED58CE1-E4BC-45D2-BD0F-664B8C985A93}.Release|x86.ActiveCfg = Release|x86
		{6ED58CE1-E4BC-45D2-BD0F-664B8C985A93}.Release|x86.Build.0 = Release|x86
		{6ED58CE1-E4BC-45D2-BD0F-664B8C985A93}.Release|x86.Deploy.0 = Release|x86
		{A9DF4C0C-53A8-4A6D-9EE8-5108A760CAE5}.Debug|Any CPU.ActiveCfg = Debug|Any CPU
		{A9DF4C0C-53A8-4A6D-9EE8-5108A760CAE5}.Debug|Any CPU.Build.0 = Debug|Any CPU
		{A9DF4C0C-53A8-4A6D-9EE8-5108A760CAE5}.Debug|Any CPU.Deploy.0 = Debug|Any CPU
		{A9DF4C0C-53A8-4A6D-9EE8-5108A760CAE5}.Debug|ARM.ActiveCfg = Debug|Any CPU
		{A9DF4C0C-53A8-4A6D-9EE8-5108A760CAE5}.Debug|ARM.Build.0 = Debug|Any CPU
		{A9DF4C0C-53A8-4A6D-9EE8-5108A760CAE5}.Debug|ARM.Deploy.0 = Debug|Any CPU
		{A9DF4C0C-53A8-4A6D-9EE8-5108A760CAE5}.Debug|iPhone.ActiveCfg = Debug|Any CPU
		{A9DF4C0C-53A8-4A6D-9EE8-5108A760CAE5}.Debug|iPhone.Build.0 = Debug|Any CPU
		{A9DF4C0C-53A8-4A6D-9EE8-5108A760CAE5}.Debug|iPhone.Deploy.0 = Debug|Any CPU
		{A9DF4C0C-53A8-4A6D-9EE8-5108A760CAE5}.Debug|iPhoneSimulator.ActiveCfg = Debug|Any CPU
		{A9DF4C0C-53A8-4A6D-9EE8-5108A760CAE5}.Debug|iPhoneSimulator.Build.0 = Debug|Any CPU
		{A9DF4C0C-53A8-4A6D-9EE8-5108A760CAE5}.Debug|iPhoneSimulator.Deploy.0 = Debug|Any CPU
		{A9DF4C0C-53A8-4A6D-9EE8-5108A760CAE5}.Debug|x64.ActiveCfg = Debug|Any CPU
		{A9DF4C0C-53A8-4A6D-9EE8-5108A760CAE5}.Debug|x64.Build.0 = Debug|Any CPU
		{A9DF4C0C-53A8-4A6D-9EE8-5108A760CAE5}.Debug|x64.Deploy.0 = Debug|Any CPU
		{A9DF4C0C-53A8-4A6D-9EE8-5108A760CAE5}.Debug|x86.ActiveCfg = Debug|Any CPU
		{A9DF4C0C-53A8-4A6D-9EE8-5108A760CAE5}.Debug|x86.Build.0 = Debug|Any CPU
		{A9DF4C0C-53A8-4A6D-9EE8-5108A760CAE5}.Debug|x86.Deploy.0 = Debug|Any CPU
		{A9DF4C0C-53A8-4A6D-9EE8-5108A760CAE5}.Release|Any CPU.ActiveCfg = Release|Any CPU
		{A9DF4C0C-53A8-4A6D-9EE8-5108A760CAE5}.Release|Any CPU.Build.0 = Release|Any CPU
		{A9DF4C0C-53A8-4A6D-9EE8-5108A760CAE5}.Release|Any CPU.Deploy.0 = Release|Any CPU
		{A9DF4C0C-53A8-4A6D-9EE8-5108A760CAE5}.Release|ARM.ActiveCfg = Release|Any CPU
		{A9DF4C0C-53A8-4A6D-9EE8-5108A760CAE5}.Release|ARM.Build.0 = Release|Any CPU
		{A9DF4C0C-53A8-4A6D-9EE8-5108A760CAE5}.Release|ARM.Deploy.0 = Release|Any CPU
		{A9DF4C0C-53A8-4A6D-9EE8-5108A760CAE5}.Release|iPhone.ActiveCfg = Release|Any CPU
		{A9DF4C0C-53A8-4A6D-9EE8-5108A760CAE5}.Release|iPhone.Build.0 = Release|Any CPU
		{A9DF4C0C-53A8-4A6D-9EE8-5108A760CAE5}.Release|iPhone.Deploy.0 = Release|Any CPU
		{A9DF4C0C-53A8-4A6D-9EE8-5108A760CAE5}.Release|iPhoneSimulator.ActiveCfg = Release|Any CPU
		{A9DF4C0C-53A8-4A6D-9EE8-5108A760CAE5}.Release|iPhoneSimulator.Build.0 = Release|Any CPU
		{A9DF4C0C-53A8-4A6D-9EE8-5108A760CAE5}.Release|iPhoneSimulator.Deploy.0 = Release|Any CPU
		{A9DF4C0C-53A8-4A6D-9EE8-5108A760CAE5}.Release|x64.ActiveCfg = Release|Any CPU
		{A9DF4C0C-53A8-4A6D-9EE8-5108A760CAE5}.Release|x64.Build.0 = Release|Any CPU
		{A9DF4C0C-53A8-4A6D-9EE8-5108A760CAE5}.Release|x64.Deploy.0 = Release|Any CPU
		{A9DF4C0C-53A8-4A6D-9EE8-5108A760CAE5}.Release|x86.ActiveCfg = Release|Any CPU
		{A9DF4C0C-53A8-4A6D-9EE8-5108A760CAE5}.Release|x86.Build.0 = Release|Any CPU
		{A9DF4C0C-53A8-4A6D-9EE8-5108A760CAE5}.Release|x86.Deploy.0 = Release|Any CPU
		{4B957E03-8CEE-4457-93AA-B2935B18DCE1}.Debug|Any CPU.ActiveCfg = Debug|iPhoneSimulator
		{4B957E03-8CEE-4457-93AA-B2935B18DCE1}.Debug|Any CPU.Build.0 = Debug|iPhoneSimulator
		{4B957E03-8CEE-4457-93AA-B2935B18DCE1}.Debug|Any CPU.Deploy.0 = Debug|iPhoneSimulator
		{4B957E03-8CEE-4457-93AA-B2935B18DCE1}.Debug|ARM.ActiveCfg = Debug|iPhone
		{4B957E03-8CEE-4457-93AA-B2935B18DCE1}.Debug|ARM.Build.0 = Debug|iPhone
		{4B957E03-8CEE-4457-93AA-B2935B18DCE1}.Debug|ARM.Deploy.0 = Debug|iPhone
		{4B957E03-8CEE-4457-93AA-B2935B18DCE1}.Debug|iPhone.ActiveCfg = Debug|iPhone
		{4B957E03-8CEE-4457-93AA-B2935B18DCE1}.Debug|iPhone.Build.0 = Debug|iPhone
		{4B957E03-8CEE-4457-93AA-B2935B18DCE1}.Debug|iPhone.Deploy.0 = Debug|iPhone
		{4B957E03-8CEE-4457-93AA-B2935B18DCE1}.Debug|iPhoneSimulator.ActiveCfg = Debug|iPhoneSimulator
		{4B957E03-8CEE-4457-93AA-B2935B18DCE1}.Debug|iPhoneSimulator.Build.0 = Debug|iPhoneSimulator
		{4B957E03-8CEE-4457-93AA-B2935B18DCE1}.Debug|iPhoneSimulator.Deploy.0 = Debug|iPhoneSimulator
		{4B957E03-8CEE-4457-93AA-B2935B18DCE1}.Debug|x64.ActiveCfg = Debug|iPhoneSimulator
		{4B957E03-8CEE-4457-93AA-B2935B18DCE1}.Debug|x64.Build.0 = Debug|iPhoneSimulator
		{4B957E03-8CEE-4457-93AA-B2935B18DCE1}.Debug|x64.Deploy.0 = Debug|iPhoneSimulator
		{4B957E03-8CEE-4457-93AA-B2935B18DCE1}.Debug|x86.ActiveCfg = Debug|iPhoneSimulator
		{4B957E03-8CEE-4457-93AA-B2935B18DCE1}.Debug|x86.Build.0 = Debug|iPhoneSimulator
		{4B957E03-8CEE-4457-93AA-B2935B18DCE1}.Debug|x86.Deploy.0 = Debug|iPhoneSimulator
		{4B957E03-8CEE-4457-93AA-B2935B18DCE1}.Release|Any CPU.ActiveCfg = Release|iPhoneSimulator
		{4B957E03-8CEE-4457-93AA-B2935B18DCE1}.Release|Any CPU.Build.0 = Release|iPhoneSimulator
		{4B957E03-8CEE-4457-93AA-B2935B18DCE1}.Release|Any CPU.Deploy.0 = Release|iPhoneSimulator
		{4B957E03-8CEE-4457-93AA-B2935B18DCE1}.Release|ARM.ActiveCfg = Release|iPhoneSimulator
		{4B957E03-8CEE-4457-93AA-B2935B18DCE1}.Release|ARM.Build.0 = Release|iPhoneSimulator
		{4B957E03-8CEE-4457-93AA-B2935B18DCE1}.Release|ARM.Deploy.0 = Release|iPhoneSimulator
		{4B957E03-8CEE-4457-93AA-B2935B18DCE1}.Release|iPhone.ActiveCfg = Release|iPhone
		{4B957E03-8CEE-4457-93AA-B2935B18DCE1}.Release|iPhone.Build.0 = Release|iPhone
		{4B957E03-8CEE-4457-93AA-B2935B18DCE1}.Release|iPhone.Deploy.0 = Release|iPhone
		{4B957E03-8CEE-4457-93AA-B2935B18DCE1}.Release|iPhoneSimulator.ActiveCfg = Release|iPhoneSimulator
		{4B957E03-8CEE-4457-93AA-B2935B18DCE1}.Release|iPhoneSimulator.Build.0 = Release|iPhoneSimulator
		{4B957E03-8CEE-4457-93AA-B2935B18DCE1}.Release|iPhoneSimulator.Deploy.0 = Release|iPhoneSimulator
		{4B957E03-8CEE-4457-93AA-B2935B18DCE1}.Release|x64.ActiveCfg = Release|iPhoneSimulator
		{4B957E03-8CEE-4457-93AA-B2935B18DCE1}.Release|x64.Build.0 = Release|iPhoneSimulator
		{4B957E03-8CEE-4457-93AA-B2935B18DCE1}.Release|x64.Deploy.0 = Release|iPhoneSimulator
		{4B957E03-8CEE-4457-93AA-B2935B18DCE1}.Release|x86.ActiveCfg = Release|iPhoneSimulator
		{4B957E03-8CEE-4457-93AA-B2935B18DCE1}.Release|x86.Build.0 = Release|iPhoneSimulator
		{4B957E03-8CEE-4457-93AA-B2935B18DCE1}.Release|x86.Deploy.0 = Release|iPhoneSimulator
		{95A72005-799F-4E3B-BE9D-7DC765D6B1F8}.Debug|Any CPU.ActiveCfg = Debug|Any CPU
		{95A72005-799F-4E3B-BE9D-7DC765D6B1F8}.Debug|Any CPU.Build.0 = Debug|Any CPU
		{95A72005-799F-4E3B-BE9D-7DC765D6B1F8}.Debug|Any CPU.Deploy.0 = Debug|Any CPU
		{95A72005-799F-4E3B-BE9D-7DC765D6B1F8}.Debug|ARM.ActiveCfg = Debug|Any CPU
		{95A72005-799F-4E3B-BE9D-7DC765D6B1F8}.Debug|ARM.Build.0 = Debug|Any CPU
		{95A72005-799F-4E3B-BE9D-7DC765D6B1F8}.Debug|ARM.Deploy.0 = Debug|Any CPU
		{95A72005-799F-4E3B-BE9D-7DC765D6B1F8}.Debug|iPhone.ActiveCfg = Debug|Any CPU
		{95A72005-799F-4E3B-BE9D-7DC765D6B1F8}.Debug|iPhone.Build.0 = Debug|Any CPU
		{95A72005-799F-4E3B-BE9D-7DC765D6B1F8}.Debug|iPhone.Deploy.0 = Debug|Any CPU
		{95A72005-799F-4E3B-BE9D-7DC765D6B1F8}.Debug|iPhoneSimulator.ActiveCfg = Debug|Any CPU
		{95A72005-799F-4E3B-BE9D-7DC765D6B1F8}.Debug|iPhoneSimulator.Build.0 = Debug|Any CPU
		{95A72005-799F-4E3B-BE9D-7DC765D6B1F8}.Debug|iPhoneSimulator.Deploy.0 = Debug|Any CPU
		{95A72005-799F-4E3B-BE9D-7DC765D6B1F8}.Debug|x64.ActiveCfg = Debug|Any CPU
		{95A72005-799F-4E3B-BE9D-7DC765D6B1F8}.Debug|x64.Build.0 = Debug|Any CPU
		{95A72005-799F-4E3B-BE9D-7DC765D6B1F8}.Debug|x64.Deploy.0 = Debug|Any CPU
		{95A72005-799F-4E3B-BE9D-7DC765D6B1F8}.Debug|x86.ActiveCfg = Debug|Any CPU
		{95A72005-799F-4E3B-BE9D-7DC765D6B1F8}.Debug|x86.Build.0 = Debug|Any CPU
		{95A72005-799F-4E3B-BE9D-7DC765D6B1F8}.Debug|x86.Deploy.0 = Debug|Any CPU
		{95A72005-799F-4E3B-BE9D-7DC765D6B1F8}.Release|Any CPU.ActiveCfg = Release|Any CPU
		{95A72005-799F-4E3B-BE9D-7DC765D6B1F8}.Release|Any CPU.Build.0 = Release|Any CPU
		{95A72005-799F-4E3B-BE9D-7DC765D6B1F8}.Release|Any CPU.Deploy.0 = Release|Any CPU
		{95A72005-799F-4E3B-BE9D-7DC765D6B1F8}.Release|ARM.ActiveCfg = Release|Any CPU
		{95A72005-799F-4E3B-BE9D-7DC765D6B1F8}.Release|ARM.Build.0 = Release|Any CPU
		{95A72005-799F-4E3B-BE9D-7DC765D6B1F8}.Release|ARM.Deploy.0 = Release|Any CPU
		{95A72005-799F-4E3B-BE9D-7DC765D6B1F8}.Release|iPhone.ActiveCfg = Release|Any CPU
		{95A72005-799F-4E3B-BE9D-7DC765D6B1F8}.Release|iPhone.Build.0 = Release|Any CPU
		{95A72005-799F-4E3B-BE9D-7DC765D6B1F8}.Release|iPhone.Deploy.0 = Release|Any CPU
		{95A72005-799F-4E3B-BE9D-7DC765D6B1F8}.Release|iPhoneSimulator.ActiveCfg = Release|Any CPU
		{95A72005-799F-4E3B-BE9D-7DC765D6B1F8}.Release|iPhoneSimulator.Build.0 = Release|Any CPU
		{95A72005-799F-4E3B-BE9D-7DC765D6B1F8}.Release|iPhoneSimulator.Deploy.0 = Release|Any CPU
		{95A72005-799F-4E3B-BE9D-7DC765D6B1F8}.Release|x64.ActiveCfg = Release|Any CPU
		{95A72005-799F-4E3B-BE9D-7DC765D6B1F8}.Release|x64.Build.0 = Release|Any CPU
		{95A72005-799F-4E3B-BE9D-7DC765D6B1F8}.Release|x64.Deploy.0 = Release|Any CPU
		{95A72005-799F-4E3B-BE9D-7DC765D6B1F8}.Release|x86.ActiveCfg = Release|Any CPU
		{95A72005-799F-4E3B-BE9D-7DC765D6B1F8}.Release|x86.Build.0 = Release|Any CPU
		{95A72005-799F-4E3B-BE9D-7DC765D6B1F8}.Release|x86.Deploy.0 = Release|Any CPU
	EndGlobalSection
	GlobalSection(SolutionProperties) = preSolution
		HideSolutionNode = FALSE
	EndGlobalSection
	GlobalSection(ExtensibilityGlobals) = postSolution
		SolutionGuid = {1D3EDD1C-6259-4182-8559-8A629BC3835D}
	EndGlobalSection
EndGlobal
